
Microsoft Visual Studio Solution File, Format Version 12.00
# Visual Studio Version 16
VisualStudioVersion = 16.0.29025.244
MinimumVisualStudioVersion = 10.0.40219.1
Project("{9A19103F-16F7-4668-BE54-9A1E7A4F7556}") = "DankBot", "DankBot.csproj", "{98B14CB4-32FE-4B17-9D9D-D230CFA9C2A1}"
EndProject
Global
	GlobalSection(SolutionConfigurationPlatforms) = preSolution
		Debug|Any CPU = Debug|Any CPU
		Release|Any CPU = Release|Any CPU
	EndGlobalSection
	GlobalSection(ProjectConfigurationPlatforms) = postSolution
		{98B14CB4-32FE-4B17-9D9D-D230CFA9C2A1}.Debug|Any CPU.ActiveCfg = Debug|Any CPU
		{98B14CB4-32FE-4B17-9D9D-D230CFA9C2A1}.Debug|Any CPU.Build.0 = Debug|Any CPU
		{98B14CB4-32FE-4B17-9D9D-D230CFA9C2A1}.Release|Any CPU.ActiveCfg = Release|Any CPU
		{98B14CB4-32FE-4B17-9D9D-D230CFA9C2A1}.Release|Any CPU.Build.0 = Release|Any CPU
	EndGlobalSection
	GlobalSection(SolutionProperties) = preSolution
		HideSolutionNode = FALSE
	EndGlobalSection
	GlobalSection(ExtensibilityGlobals) = postSolution
		SolutionGuid = {50D43368-F5DA-45E8-A8B4-67B8A4A3E767}
	EndGlobalSection
EndGlobal
